
Microsoft Visual Studio Solution File, Format Version 12.00
# Visual Studio Version 17
VisualStudioVersion = 17.7.34031.279
MinimumVisualStudioVersion = 10.0.40219.1
Project("{8BC9CEB8-8B4A-11D0-8D11-00A0C91BC942}") = "CA1-Thomas-was-Late-K00286377", "CA1-Thomas-was-Late-K00286377\CA1-Thomas-was-Late-K00286377.vcxproj", "{FDC64910-477E-4D9A-A8AB-A11EC4AE3116}"
EndProject
Global
	GlobalSection(SolutionConfigurationPlatforms) = preSolution
		Debug|x64 = Debug|x64
		Debug|x86 = Debug|x86
		Release|x64 = Release|x64
		Release|x86 = Release|x86
	EndGlobalSection
	GlobalSection(ProjectConfigurationPlatforms) = postSolution
		{FDC64910-477E-4D9A-A8AB-A11EC4AE3116}.Debug|x64.ActiveCfg = Debug|x64
		{FDC64910-477E-4D9A-A8AB-A11EC4AE3116}.Debug|x64.Build.0 = Debug|x64
		{FDC64910-477E-4D9A-A8AB-A11EC4AE3116}.Debug|x86.ActiveCfg = Debug|Win32
		{FDC64910-477E-4D9A-A8AB-A11EC4AE3116}.Debug|x86.Build.0 = Debug|Win32
		{FDC64910-477E-4D9A-A8AB-A11EC4AE3116}.Release|x64.ActiveCfg = Release|x64
		{FDC64910-477E-4D9A-A8AB-A11EC4AE3116}.Release|x64.Build.0 = Release|x64
		{FDC64910-477E-4D9A-A8AB-A11EC4AE3116}.Release|x86.ActiveCfg = Release|Win32
		{FDC64910-477E-4D9A-A8AB-A11EC4AE3116}.Release|x86.Build.0 = Release|Win32
	EndGlobalSection
	GlobalSection(SolutionProperties) = preSolution
		HideSolutionNode = FALSE
	EndGlobalSection
	GlobalSection(ExtensibilityGlobals) = postSolution
		SolutionGuid = {2E14A0F5-3B1F-4184-BBB2-68BF3CB872E1}
	EndGlobalSection
EndGlobal
